
Microsoft Visual Studio Solution File, Format Version 12.00
# Visual Studio Version 17
VisualStudioVersion = 17.5.33414.496
MinimumVisualStudioVersion = 10.0.40219.1
Project("{9A19103F-16F7-4668-BE54-9A1E7A4F7556}") = "ShortageManager", "ShortageManager\ShortageManager.csproj", "{BA3AFBFA-0FC3-4765-AD8F-6BB3F98F80F2}"
EndProject
Project("{FAE04EC0-301F-11D3-BF4B-00C04F79EFBC}") = "ShortageManagerTests", "ShortageManagerTests\ShortageManagerTests.csproj", "{633F9F70-BE46-4541-B006-6255D15DCC3D}"
EndProject
Global
	GlobalSection(SolutionConfigurationPlatforms) = preSolution
		Debug|Any CPU = Debug|Any CPU
		Release|Any CPU = Release|Any CPU
	EndGlobalSection
	GlobalSection(ProjectConfigurationPlatforms) = postSolution
		{BA3AFBFA-0FC3-4765-AD8F-6BB3F98F80F2}.Debug|Any CPU.ActiveCfg = Debug|Any CPU
		{BA3AFBFA-0FC3-4765-AD8F-6BB3F98F80F2}.Debug|Any CPU.Build.0 = Debug|Any CPU
		{BA3AFBFA-0FC3-4765-AD8F-6BB3F98F80F2}.Release|Any CPU.ActiveCfg = Release|Any CPU
		{BA3AFBFA-0FC3-4765-AD8F-6BB3F98F80F2}.Release|Any CPU.Build.0 = Release|Any CPU
		{633F9F70-BE46-4541-B006-6255D15DCC3D}.Debug|Any CPU.ActiveCfg = Debug|Any CPU
		{633F9F70-BE46-4541-B006-6255D15DCC3D}.Debug|Any CPU.Build.0 = Debug|Any CPU
		{633F9F70-BE46-4541-B006-6255D15DCC3D}.Release|Any CPU.ActiveCfg = Release|Any CPU
		{633F9F70-BE46-4541-B006-6255D15DCC3D}.Release|Any CPU.Build.0 = Release|Any CPU
	EndGlobalSection
	GlobalSection(SolutionProperties) = preSolution
		HideSolutionNode = FALSE
	EndGlobalSection
	GlobalSection(ExtensibilityGlobals) = postSolution
		SolutionGuid = {990A6C18-7042-4088-8F8F-9C915057CFA1}
	EndGlobalSection
EndGlobal
